// !$*UTF8*$!
{
	archiveVersion = 1;
	classes = {
	};
	objectVersion = 46;
	objects = {

/* Begin PBXBuildFile section */
		81072FB11C7BE1D400E1DD70 /* AppDelegate.swift in Sources */ = {isa = PBXBuildFile; fileRef = 81072FB01C7BE1D400E1DD70 /* AppDelegate.swift */; };
		81072FB31C7BE1D400E1DD70 /* ViewController.swift in Sources */ = {isa = PBXBuildFile; fileRef = 81072FB21C7BE1D400E1DD70 /* ViewController.swift */; };
		81072FB61C7BE1D400E1DD70 /* Main.storyboard in Resources */ = {isa = PBXBuildFile; fileRef = 81072FB41C7BE1D400E1DD70 /* Main.storyboard */; };
		81072FB91C7BE1D400E1DD70 /* smsrealtors.xcdatamodeld in Sources */ = {isa = PBXBuildFile; fileRef = 81072FB71C7BE1D400E1DD70 /* smsrealtors.xcdatamodeld */; };
		81072FBB1C7BE1D400E1DD70 /* Assets.xcassets in Resources */ = {isa = PBXBuildFile; fileRef = 81072FBA1C7BE1D400E1DD70 /* Assets.xcassets */; };
		81072FBE1C7BE1D400E1DD70 /* LaunchScreen.storyboard in Resources */ = {isa = PBXBuildFile; fileRef = 81072FBC1C7BE1D400E1DD70 /* LaunchScreen.storyboard */; };
/* End PBXBuildFile section */

/* Begin PBXFileReference section */
		81072FAD1C7BE1D400E1DD70 /* smsrealtors.app */ = {isa = PBXFileReference; explicitFileType = wrapper.application; includeInIndex = 0; path = smsrealtors.app; sourceTree = BUILT_PRODUCTS_DIR; };
		81072FB01C7BE1D400E1DD70 /* AppDelegate.swift */ = {isa = PBXFileReference; lastKnownFileType = sourcecode.swift; path = AppDelegate.swift; sourceTree = "<group>"; };
		81072FB21C7BE1D400E1DD70 /* ViewController.swift */ = {isa = PBXFileReference; lastKnownFileType = sourcecode.swift; path = ViewController.swift; sourceTree = "<group>"; };
		81072FB51C7BE1D400E1DD70 /* Base */ = {isa = PBXFileReference; lastKnownFileType = file.storyboard; name = Base; path = Base.lproj/Main.storyboard; sourceTree = "<group>"; };
		81072FB81C7BE1D400E1DD70 /* smsrealtors.xcdatamodel */ = {isa = PBXFileReference; lastKnownFileType = wrapper.xcdatamodel; path = smsrealtors.xcdatamodel; sourceTree = "<group>"; };
		81072FBA1C7BE1D400E1DD70 /* Assets.xcassets */ = {isa = PBXFileReference; lastKnownFileType = folder.assetcatalog; path = Assets.xcassets; sourceTree = "<group>"; };
		81072FBD1C7BE1D400E1DD70 /* Base */ = {isa = PBXFileReference; lastKnownFileType = file.storyboard; name = Base; path = Base.lproj/LaunchScreen.storyboard; sourceTree = "<group>"; };
		81072FBF1C7BE1D400E1DD70 /* Info.plist */ = {isa = PBXFileReference; lastKnownFileType = text.plist.xml; path = Info.plist; sourceTree = "<group>"; };
/* End PBXFileReference section */

/* Begin PBXFrameworksBuildPhase section */
		81072FAA1C7BE1D400E1DD70 /* Frameworks */ = {
			isa = PBXFrameworksBuildPhase;
			buildActionMask = 2147483647;
			files = (
			);
			runOnlyForDeploymentPostprocessing = 0;
		};
/* End PBXFrameworksBuildPhase section */

/* Begin PBXGroup section */
		81072FA41C7BE1D400E1DD70 = {
			isa = PBXGroup;
			children = (
				81072FAF1C7BE1D400E1DD70 /* smsrealtors */,
				81072FAE1C7BE1D400E1DD70 /* Products */,
			);
			sourceTree = "<group>";
		};
		81072FAE1C7BE1D400E1DD70 /* Products */ = {
			isa = PBXGroup;
			children = (
				81072FAD1C7BE1D400E1DD70 /* smsrealtors.app */,
			);
			name = Products;
			sourceTree = "<group>";
		};
		81072FAF1C7BE1D400E1DD70 /* smsrealtors */ = {
			isa = PBXGroup;
			children = (
				81072FB01C7BE1D400E1DD70 /* AppDelegate.swift */,
				81072FB21C7BE1D400E1DD70 /* ViewController.swift */,
				81072FB41C7BE1D400E1DD70 /* Main.storyboard */,
				81072FBA1C7BE1D400E1DD70 /* Assets.xcassets */,
				81072FBC1C7BE1D400E1DD70 /* LaunchScreen.storyboard */,
				81072FBF1C7BE1D400E1DD70 /* Info.plist */,
				81072FB71C7BE1D400E1DD70 /* smsrealtors.xcdatamodeld */,
			);
			path = smsrealtors;
			sourceTree = "<group>";
		};
/* End PBXGroup section */

/* Begin PBXNativeTarget section */
		81072FAC1C7BE1D400E1DD70 /* smsrealtors */ = {
			isa = PBXNativeTarget;
			buildConfigurationList = 81072FC21C7BE1D400E1DD70 /* Build configuration list for PBXNativeTarget "smsrealtors" */;
			buildPhases = (
				81072FA91C7BE1D400E1DD70 /* Sources */,
				81072FAA1C7BE1D400E1DD70 /* Frameworks */,
				81072FAB1C7BE1D400E1DD70 /* Resources */,
			);
			buildRules = (
			);
			dependencies = (
			);
			name = smsrealtors;
			productName = smsrealtors;
			productReference = 81072FAD1C7BE1D400E1DD70 /* smsrealtors.app */;
			productType = "com.apple.product-type.application";
		};
/* End PBXNativeTarget section */

/* Begin PBXProject section */
		81072FA51C7BE1D400E1DD70 /* Project object */ = {
			isa = PBXProject;
			attributes = {
				LastSwiftUpdateCheck = 0720;
				LastUpgradeCheck = 0720;
				ORGANIZATIONNAME = "Bill Banks";
				TargetAttributes = {
					81072FAC1C7BE1D400E1DD70 = {
						CreatedOnToolsVersion = 7.2.1;
					};
				};
			};
			buildConfigurationList = 81072FA81C7BE1D400E1DD70 /* Build configuration list for PBXProject "smsrealtors" */;
			compatibilityVersion = "Xcode 3.2";
			developmentRegion = English;
			hasScannedForEncodings = 0;
			knownRegions = (
				en,
				Base,
			);
			mainGroup = 81072FA41C7BE1D400E1DD70;
			productRefGroup = 81072FAE1C7BE1D400E1DD70 /* Products */;
			projectDirPath = "";
			projectRoot = "";
			targets = (
				81072FAC1C7BE1D400E1DD70 /* smsrealtors */,
			);
		};
/* End PBXProject section */

/* Begin PBXResourcesBuildPhase section */
		81072FAB1C7BE1D400E1DD70 /* Resources */ = {
			isa = PBXResourcesBuildPhase;
			buildActionMask = 2147483647;
			files = (
				81072FBE1C7BE1D400E1DD70 /* LaunchScreen.storyboard in Resources */,
				81072FBB1C7BE1D400E1DD70 /* Assets.xcassets in Resources */,
				81072FB61C7BE1D400E1DD70 /* Main.storyboard in Resources */,
			);
			runOnlyForDeploymentPostprocessing = 0;
		};
/* End PBXResourcesBuildPhase section */

/* Begin PBXSourcesBuildPhase section */
		81072FA91C7BE1D400E1DD70 /* Sources */ = {
			isa = PBXSourcesBuildPhase;
			buildActionMask = 2147483647;
			files = (
				81072FB31C7BE1D400E1DD70 /* ViewController.swift in Sources */,
				81072FB91C7BE1D400E1DD70 /* smsrealtors.xcdatamodeld in Sources */,
				81072FB11C7BE1D400E1DD70 /* AppDelegate.swift in Sources */,
			);
			runOnlyForDeploymentPostprocessing = 0;
		};
/* End PBXSourcesBuildPhase section */

/* Begin PBXVariantGroup section */
		81072FB41C7BE1D400E1DD70 /* Main.storyboard */ = {
			isa = PBXVariantGroup;
			children = (
				81072FB51C7BE1D400E1DD70 /* Base */,
			);
			name = Main.storyboard;
			sourceTree = "<group>";
		};
		81072FBC1C7BE1D400E1DD70 /* LaunchScreen.storyboard */ = {
			isa = PBXVariantGroup;
			children = (
				81072FBD1C7BE1D400E1DD70 /* Base */,
			);
			name = LaunchScreen.storyboard;
			sourceTree = "<group>";
		};
/* End PBXVariantGroup section */

/* Begin XCBuildConfiguration section */
		81072FC01C7BE1D400E1DD70 /* Debug */ = {
			isa = XCBuildConfiguration;
			buildSettings = {
				ALWAYS_SEARCH_USER_PATHS = NO;
				CLANG_CXX_LANGUAGE_STANDARD = "gnu++0x";
				CLANG_CXX_LIBRARY = "libc++";
				CLANG_ENABLE_MODULES = YES;
				CLANG_ENABLE_OBJC_ARC = YES;
				CLANG_WARN_BOOL_CONVERSION = YES;
				CLANG_WARN_CONSTANT_CONVERSION = YES;
				CLANG_WARN_DIRECT_OBJC_ISA_USAGE = YES_ERROR;
				CLANG_WARN_EMPTY_BODY = YES;
				CLANG_WARN_ENUM_CONVERSION = YES;
				CLANG_WARN_INT_CONVERSION = YES;
				CLANG_WARN_OBJC_ROOT_CLASS = YES_ERROR;
				CLANG_WARN_UNREACHABLE_CODE = YES;
				CLANG_WARN__DUPLICATE_METHOD_MATCH = YES;
				"CODE_SIGN_IDENTITY[sdk=iphoneos*]" = "iPhone Developer";
				COPY_PHASE_STRIP = NO;
				DEBUG_INFORMATION_FORMAT = dwarf;
				ENABLE_STRICT_OBJC_MSGSEND = YES;
				ENABLE_TESTABILITY = YES;
				GCC_C_LANGUAGE_STANDARD = gnu99;
				GCC_DYNAMIC_NO_PIC = NO;
				GCC_NO_COMMON_BLOCKS = YES;
				GCC_OPTIMIZATION_LEVEL = 0;
				GCC_PREPROCESSOR_DEFINITIONS = (
					"DEBUG=1",
					"$(inherited)",
				);
				GCC_WARN_64_TO_32_BIT_CONVERSION = YES;
				GCC_WARN_ABOUT_RETURN_TYPE = YES_ERROR;
				GCC_WARN_UNDECLARED_SELECTOR = YES;
				GCC_WARN_UNINITIALIZED_AUTOS = YES_AGGRESSIVE;
				GCC_WARN_UNUSED_FUNCTION = YES;
				GCC_WARN_UNUSED_VARIABLE = YES;
				IPHONEOS_DEPLOYMENT_TARGET = 9.2;
				MTL_ENABLE_DEBUG_INFO = YES;
				ONLY_ACTIVE_ARCH = YES;
				SDKROOT = iphoneos;
				SWIFT_OPTIMIZATION_LEVEL = "-Onone";
				TARGETED_DEVICE_FAMILY = "1,2";
			};
			name = Debug;
		};
		81072FC11C7BE1D400E1DD70 /* Release */ = {
			isa = XCBuildConfiguration;
			buildSettings = {
				ALWAYS_SEARCH_USER_PATHS = NO;
				CLANG_CXX_LANGUAGE_STANDARD = "gnu++0x";
				CLANG_CXX_LIBRARY = "libc++";
				CLANG_ENABLE_MODULES = YES;
				CLANG_ENABLE_OBJC_ARC = YES;
				CLANG_WARN_BOOL_CONVERSION = YES;
				CLANG_WARN_CONSTANT_CONVERSION = YES;
				CLANG_WARN_DIRECT_OBJC_ISA_USAGE = YES_ERROR;
				CLANG_WARN_EMPTY_BODY = YES;
				CLANG_WARN_ENUM_CONVERSION = YES;
				CLANG_WARN_INT_CONVERSION = YES;
				CLANG_WARN_OBJC_ROOT_CLASS = YES_ERROR;
				CLANG_WARN_UNREACHABLE_CODE = YES;
				CLANG_WARN__DUPLICATE_METHOD_MATCH = YES;
				"CODE_SIGN_IDENTITY[sdk=iphoneos*]" = "iPhone Developer";
				COPY_PHASE_STRIP = NO;
				DEBUG_INFORMATION_FORMAT = "dwarf-with-dsym";
				ENABLE_NS_ASSERTIONS = NO;
				ENABLE_STRICT_OBJC_MSGSEND = YES;
				GCC_C_LANGUAGE_STANDARD = gnu99;
				GCC_NO_COMMON_BLOCKS = YES;
				GCC_WARN_64_TO_32_BIT_CONVERSION = YES;
				GCC_WARN_ABOUT_RETURN_TYPE = YES_ERROR;
				GCC_WARN_UNDECLARED_SELECTOR = YES;
				GCC_WARN_UNINITIALIZED_AUTOS = YES_AGGRESSIVE;
				GCC_WARN_UNUSED_FUNCTION = YES;
				GCC_WARN_UNUSED_VARIABLE = YES;
				IPHONEOS_DEPLOYMENT_TARGET = 9.2;
				MTL_ENABLE_DEBUG_INFO = NO;
				SDKROOT = iphoneos;
				TARGETED_DEVICE_FAMILY = "1,2";
				VALIDATE_PRODUCT = YES;
			};
			name = Release;
		};
		81072FC31C7BE1D400E1DD70 /* Debug */ = {
			isa = XCBuildConfiguration;
			buildSettings = {
				ASSETCATALOG_COMPILER_APPICON_NAME = AppIcon;
				INFOPLIST_FILE = smsrealtors/Info.plist;
				LD_RUNPATH_SEARCH_PATHS = "$(inherited) @executable_path/Frameworks";
				PRODUCT_BUNDLE_IDENTIFIER = net.ourweb.smsrealtors;
				PRODUCT_NAME = "$(TARGET_NAME)";
			};
			name = Debug;
		};
		81072FC41C7BE1D400E1DD70 /* Release */ = {
			isa = XCBuildConfiguration;
			buildSettings = {
				ASSETCATALOG_COMPILER_APPICON_NAME = AppIcon;
				INFOPLIST_FILE = smsrealtors/Info.plist;
				LD_RUNPATH_SEARCH_PATHS = "$(inherited) @executable_path/Frameworks";
				PRODUCT_BUNDLE_IDENTIFIER = net.ourweb.smsrealtors;
				PRODUCT_NAME = "$(TARGET_NAME)";
			};
			name = Release;
		};
/* End XCBuildConfiguration section */

/* Begin XCConfigurationList section */
		81072FA81C7BE1D400E1DD70 /* Build configuration list for PBXProject "smsrealtors" */ = {
			isa = XCConfigurationList;
			buildConfigurations = (
				81072FC01C7BE1D400E1DD70 /* Debug */,
				81072FC11C7BE1D400E1DD70 /* Release */,
			);
			defaultConfigurationIsVisible = 0;
			defaultConfigurationName = Release;
		};
		81072FC21C7BE1D400E1DD70 /* Build configuration list for PBXNativeTarget "smsrealtors" */ = {
			isa = XCConfigurationList;
			buildConfigurations = (
				81072FC31C7BE1D400E1DD70 /* Debug */,
				81072FC41C7BE1D400E1DD70 /* Release */,
			);
			defaultConfigurationIsVisible = 0;
		};
/* End XCConfigurationList section */

/* Begin XCVersionGroup section */
		81072FB71C7BE1D400E1DD70 /* smsrealtors.xcdatamodeld */ = {
			isa = XCVersionGroup;
			children = (
				81072FB81C7BE1D400E1DD70 /* smsrealtors.xcdatamodel */,
			);
			currentVersion = 81072FB81C7BE1D400E1DD70 /* smsrealtors.xcdatamodel */;
			path = smsrealtors.xcdatamodeld;
			sourceTree = "<group>";
			versionGroupType = wrapper.xcdatamodel;
		};
/* End XCVersionGroup section */
	};
	rootObject = 81072FA51C7BE1D400E1DD70 /* Project object */;
}
